// !$*UTF8*$!
{
	archiveVersion = 1;
	classes = {
	};
	objectVersion = 46;
	objects = {

/* Begin PBXBuildFile section */
		7EB985A847224D3F963AE264 /* libPods-tableView.a in Frameworks */ = {isa = PBXBuildFile; fileRef = F9665AF786C04F6CB63E0D8E /* libPods-tableView.a */; };
		D3A7023A182B5E5500833FB0 /* Foundation.framework in Frameworks */ = {isa = PBXBuildFile; fileRef = D3A70239182B5E5500833FB0 /* Foundation.framework */; };
		D3A7023C182B5E5500833FB0 /* CoreGraphics.framework in Frameworks */ = {isa = PBXBuildFile; fileRef = D3A7023B182B5E5500833FB0 /* CoreGraphics.framework */; };
		D3A7023E182B5E5500833FB0 /* UIKit.framework in Frameworks */ = {isa = PBXBuildFile; fileRef = D3A7023D182B5E5500833FB0 /* UIKit.framework */; };
		D3A70244182B5E5500833FB0 /* InfoPlist.strings in Resources */ = {isa = PBXBuildFile; fileRef = D3A70242182B5E5500833FB0 /* InfoPlist.strings */; };
		D3A70246182B5E5500833FB0 /* main.m in Sources */ = {isa = PBXBuildFile; fileRef = D3A70245182B5E5500833FB0 /* main.m */; };
		D3A7024A182B5E5500833FB0 /* WYAppDelegate.m in Sources */ = {isa = PBXBuildFile; fileRef = D3A70249182B5E5500833FB0 /* WYAppDelegate.m */; };
		D3A7024D182B5E5500833FB0 /* Main_iPhone.storyboard in Resources */ = {isa = PBXBuildFile; fileRef = D3A7024B182B5E5500833FB0 /* Main_iPhone.storyboard */; };
		D3A70250182B5E5500833FB0 /* Main_iPad.storyboard in Resources */ = {isa = PBXBuildFile; fileRef = D3A7024E182B5E5500833FB0 /* Main_iPad.storyboard */; };
		D3A70253182B5E5500833FB0 /* WYViewController.m in Sources */ = {isa = PBXBuildFile; fileRef = D3A70252182B5E5500833FB0 /* WYViewController.m */; };
		D3A70255182B5E5500833FB0 /* Images.xcassets in Resources */ = {isa = PBXBuildFile; fileRef = D3A70254182B5E5500833FB0 /* Images.xcassets */; };
		D3A7025C182B5E5500833FB0 /* XCTest.framework in Frameworks */ = {isa = PBXBuildFile; fileRef = D3A7025B182B5E5500833FB0 /* XCTest.framework */; };
		D3A7025D182B5E5500833FB0 /* Foundation.framework in Frameworks */ = {isa = PBXBuildFile; fileRef = D3A70239182B5E5500833FB0 /* Foundation.framework */; };
		D3A7025E182B5E5500833FB0 /* UIKit.framework in Frameworks */ = {isa = PBXBuildFile; fileRef = D3A7023D182B5E5500833FB0 /* UIKit.framework */; };
		D3A70266182B5E5500833FB0 /* InfoPlist.strings in Resources */ = {isa = PBXBuildFile; fileRef = D3A70264182B5E5500833FB0 /* InfoPlist.strings */; };
		D3A70268182B5E5500833FB0 /* tableViewTests.m in Sources */ = {isa = PBXBuildFile; fileRef = D3A70267182B5E5500833FB0 /* tableViewTests.m */; };
		D3A70274182B750C00833FB0 /* NSFileManager+MostUsePath.m in Sources */ = {isa = PBXBuildFile; fileRef = D3A70273182B750C00833FB0 /* NSFileManager+MostUsePath.m */; };
		D3E52440182E52FC00B605BA /* WYGravityBallFunView.m in Sources */ = {isa = PBXBuildFile; fileRef = D3E5243F182E52FC00B605BA /* WYGravityBallFunView.m */; };
		D3F8D434182CADDF007ACBE7 /* image.PNG in Resources */ = {isa = PBXBuildFile; fileRef = D3F8D433182CADDF007ACBE7 /* image.PNG */; };
		D3F8D43C182CD1CF007ACBE7 /* WYBallView.m in Sources */ = {isa = PBXBuildFile; fileRef = D3F8D43B182CD1CF007ACBE7 /* WYBallView.m */; };
/* End PBXBuildFile section */

/* Begin PBXContainerItemProxy section */
		D3A7025F182B5E5500833FB0 /* PBXContainerItemProxy */ = {
			isa = PBXContainerItemProxy;
			containerPortal = D3A7022E182B5E5500833FB0 /* Project object */;
			proxyType = 1;
			remoteGlobalIDString = D3A70235182B5E5500833FB0;
			remoteInfo = tableView;
		};
/* End PBXContainerItemProxy section */

/* Begin PBXFileReference section */
		D3A70236182B5E5500833FB0 /* tableView.app */ = {isa = PBXFileReference; explicitFileType = wrapper.application; includeInIndex = 0; path = tableView.app; sourceTree = BUILT_PRODUCTS_DIR; };
		D3A70239182B5E5500833FB0 /* Foundation.framework */ = {isa = PBXFileReference; lastKnownFileType = wrapper.framework; name = Foundation.framework; path = System/Library/Frameworks/Foundation.framework; sourceTree = SDKROOT; };
		D3A7023B182B5E5500833FB0 /* CoreGraphics.framework */ = {isa = PBXFileReference; lastKnownFileType = wrapper.framework; name = CoreGraphics.framework; path = System/Library/Frameworks/CoreGraphics.framework; sourceTree = SDKROOT; };
		D3A7023D182B5E5500833FB0 /* UIKit.framework */ = {isa = PBXFileReference; lastKnownFileType = wrapper.framework; name = UIKit.framework; path = System/Library/Frameworks/UIKit.framework; sourceTree = SDKROOT; };
		D3A70241182B5E5500833FB0 /* tableView-Info.plist */ = {isa = PBXFileReference; lastKnownFileType = text.plist.xml; path = "tableView-Info.plist"; sourceTree = "<group>"; };
		D3A70243182B5E5500833FB0 /* en */ = {isa = PBXFileReference; lastKnownFileType = text.plist.strings; name = en; path = en.lproj/InfoPlist.strings; sourceTree = "<group>"; };
		D3A70245182B5E5500833FB0 /* main.m */ = {isa = PBXFileReference; lastKnownFileType = sourcecode.c.objc; path = main.m; sourceTree = "<group>"; };
		D3A70247182B5E5500833FB0 /* tableView-Prefix.pch */ = {isa = PBXFileReference; lastKnownFileType = sourcecode.c.h; path = "tableView-Prefix.pch"; sourceTree = "<group>"; };
		D3A70248182B5E5500833FB0 /* WYAppDelegate.h */ = {isa = PBXFileReference; lastKnownFileType = sourcecode.c.h; path = WYAppDelegate.h; sourceTree = "<group>"; };
		D3A70249182B5E5500833FB0 /* WYAppDelegate.m */ = {isa = PBXFileReference; lastKnownFileType = sourcecode.c.objc; path = WYAppDelegate.m; sourceTree = "<group>"; };
		D3A7024C182B5E5500833FB0 /* Base */ = {isa = PBXFileReference; lastKnownFileType = file.storyboard; name = Base; path = Base.lproj/Main_iPhone.storyboard; sourceTree = "<group>"; };
		D3A7024F182B5E5500833FB0 /* Base */ = {isa = PBXFileReference; lastKnownFileType = file.storyboard; name = Base; path = Base.lproj/Main_iPad.storyboard; sourceTree = "<group>"; };
		D3A70251182B5E5500833FB0 /* WYViewController.h */ = {isa = PBXFileReference; lastKnownFileType = sourcecode.c.h; path = WYViewController.h; sourceTree = "<group>"; };
		D3A70252182B5E5500833FB0 /* WYViewController.m */ = {isa = PBXFileReference; lastKnownFileType = sourcecode.c.objc; path = WYViewController.m; sourceTree = "<group>"; };
		D3A70254182B5E5500833FB0 /* Images.xcassets */ = {isa = PBXFileReference; lastKnownFileType = folder.assetcatalog; path = Images.xcassets; sourceTree = "<group>"; };
		D3A7025A182B5E5500833FB0 /* tableViewTests.xctest */ = {isa = PBXFileReference; explicitFileType = wrapper.cfbundle; includeInIndex = 0; path = tableViewTests.xctest; sourceTree = BUILT_PRODUCTS_DIR; };
		D3A7025B182B5E5500833FB0 /* XCTest.framework */ = {isa = PBXFileReference; lastKnownFileType = wrapper.framework; name = XCTest.framework; path = Library/Frameworks/XCTest.framework; sourceTree = DEVELOPER_DIR; };
		D3A70263182B5E5500833FB0 /* tableViewTests-Info.plist */ = {isa = PBXFileReference; lastKnownFileType = text.plist.xml; path = "tableViewTests-Info.plist"; sourceTree = "<group>"; };
		D3A70265182B5E5500833FB0 /* en */ = {isa = PBXFileReference; lastKnownFileType = text.plist.strings; name = en; path = en.lproj/InfoPlist.strings; sourceTree = "<group>"; };
		D3A70267182B5E5500833FB0 /* tableViewTests.m */ = {isa = PBXFileReference; lastKnownFileType = sourcecode.c.objc; path = tableViewTests.m; sourceTree = "<group>"; };
		D3A70272182B750C00833FB0 /* NSFileManager+MostUsePath.h */ = {isa = PBXFileReference; fileEncoding = 4; lastKnownFileType = sourcecode.c.h; path = "NSFileManager+MostUsePath.h"; sourceTree = "<group>"; };
		D3A70273182B750C00833FB0 /* NSFileManager+MostUsePath.m */ = {isa = PBXFileReference; fileEncoding = 4; lastKnownFileType = sourcecode.c.objc; path = "NSFileManager+MostUsePath.m"; sourceTree = "<group>"; };
		D3E5243E182E52FC00B605BA /* WYGravityBallFunView.h */ = {isa = PBXFileReference; fileEncoding = 4; lastKnownFileType = sourcecode.c.h; path = WYGravityBallFunView.h; sourceTree = "<group>"; };
		D3E5243F182E52FC00B605BA /* WYGravityBallFunView.m */ = {isa = PBXFileReference; fileEncoding = 4; lastKnownFileType = sourcecode.c.objc; path = WYGravityBallFunView.m; sourceTree = "<group>"; };
		D3F8D433182CADDF007ACBE7 /* image.PNG */ = {isa = PBXFileReference; lastKnownFileType = image.png; path = image.PNG; sourceTree = "<group>"; };
		D3F8D43A182CD1CF007ACBE7 /* WYBallView.h */ = {isa = PBXFileReference; fileEncoding = 4; lastKnownFileType = sourcecode.c.h; path = WYBallView.h; sourceTree = "<group>"; };
		D3F8D43B182CD1CF007ACBE7 /* WYBallView.m */ = {isa = PBXFileReference; fileEncoding = 4; lastKnownFileType = sourcecode.c.objc; path = WYBallView.m; sourceTree = "<group>"; };
		E03065C911F1420DAD1F9BFD /* Pods-tableView.xcconfig */ = {isa = PBXFileReference; includeInIndex = 1; lastKnownFileType = text.xcconfig; name = "Pods-tableView.xcconfig"; path = "Pods/Pods-tableView.xcconfig"; sourceTree = "<group>"; };
		F9665AF786C04F6CB63E0D8E /* libPods-tableView.a */ = {isa = PBXFileReference; explicitFileType = archive.ar; includeInIndex = 0; path = "libPods-tableView.a"; sourceTree = BUILT_PRODUCTS_DIR; };
/* End PBXFileReference section */

/* Begin PBXFrameworksBuildPhase section */
		D3A70233182B5E5500833FB0 /* Frameworks */ = {
			isa = PBXFrameworksBuildPhase;
			buildActionMask = 2147483647;
			files = (
				D3A7023C182B5E5500833FB0 /* CoreGraphics.framework in Frameworks */,
				D3A7023E182B5E5500833FB0 /* UIKit.framework in Frameworks */,
				D3A7023A182B5E5500833FB0 /* Foundation.framework in Frameworks */,
				7EB985A847224D3F963AE264 /* libPods-tableView.a in Frameworks */,
			);
			runOnlyForDeploymentPostprocessing = 0;
		};
		D3A70257182B5E5500833FB0 /* Frameworks */ = {
			isa = PBXFrameworksBuildPhase;
			buildActionMask = 2147483647;
			files = (
				D3A7025C182B5E5500833FB0 /* XCTest.framework in Frameworks */,
				D3A7025E182B5E5500833FB0 /* UIKit.framework in Frameworks */,
				D3A7025D182B5E5500833FB0 /* Foundation.framework in Frameworks */,
			);
			runOnlyForDeploymentPostprocessing = 0;
		};
/* End PBXFrameworksBuildPhase section */

/* Begin PBXGroup section */
		D3A7022D182B5E5500833FB0 = {
			isa = PBXGroup;
			children = (
				D3F8D433182CADDF007ACBE7 /* image.PNG */,
				D3A70272182B750C00833FB0 /* NSFileManager+MostUsePath.h */,
				D3A70273182B750C00833FB0 /* NSFileManager+MostUsePath.m */,
				D3A7023F182B5E5500833FB0 /* tableView */,
				D3A70261182B5E5500833FB0 /* tableViewTests */,
				D3A70238182B5E5500833FB0 /* Frameworks */,
				D3A70237182B5E5500833FB0 /* Products */,
				E03065C911F1420DAD1F9BFD /* Pods-tableView.xcconfig */,
			);
			sourceTree = "<group>";
		};
		D3A70237182B5E5500833FB0 /* Products */ = {
			isa = PBXGroup;
			children = (
				D3A70236182B5E5500833FB0 /* tableView.app */,
				D3A7025A182B5E5500833FB0 /* tableViewTests.xctest */,
			);
			name = Products;
			sourceTree = "<group>";
		};
		D3A70238182B5E5500833FB0 /* Frameworks */ = {
			isa = PBXGroup;
			children = (
				D3A70239182B5E5500833FB0 /* Foundation.framework */,
				D3A7023B182B5E5500833FB0 /* CoreGraphics.framework */,
				D3A7023D182B5E5500833FB0 /* UIKit.framework */,
				D3A7025B182B5E5500833FB0 /* XCTest.framework */,
				F9665AF786C04F6CB63E0D8E /* libPods-tableView.a */,
			);
			name = Frameworks;
			sourceTree = "<group>";
		};
		D3A7023F182B5E5500833FB0 /* tableView */ = {
			isa = PBXGroup;
			children = (
				D3A70248182B5E5500833FB0 /* WYAppDelegate.h */,
				D3A70249182B5E5500833FB0 /* WYAppDelegate.m */,
				D3A7024B182B5E5500833FB0 /* Main_iPhone.storyboard */,
				D3A7024E182B5E5500833FB0 /* Main_iPad.storyboard */,
				D3A70251182B5E5500833FB0 /* WYViewController.h */,
				D3A70252182B5E5500833FB0 /* WYViewController.m */,
				D3E5243E182E52FC00B605BA /* WYGravityBallFunView.h */,
				D3E5243F182E52FC00B605BA /* WYGravityBallFunView.m */,
				D3F8D43A182CD1CF007ACBE7 /* WYBallView.h */,
				D3F8D43B182CD1CF007ACBE7 /* WYBallView.m */,
				D3A70254182B5E5500833FB0 /* Images.xcassets */,
				D3A70240182B5E5500833FB0 /* Supporting Files */,
			);
			path = tableView;
			sourceTree = "<group>";
		};
		D3A70240182B5E5500833FB0 /* Supporting Files */ = {
			isa = PBXGroup;
			children = (
				D3A70241182B5E5500833FB0 /* tableView-Info.plist */,
				D3A70242182B5E5500833FB0 /* InfoPlist.strings */,
				D3A70245182B5E5500833FB0 /* main.m */,
				D3A70247182B5E5500833FB0 /* tableView-Prefix.pch */,
			);
			name = "Supporting Files";
			sourceTree = "<group>";
		};
		D3A70261182B5E5500833FB0 /* tableViewTests */ = {
			isa = PBXGroup;
			children = (
				D3A70267182B5E5500833FB0 /* tableViewTests.m */,
				D3A70262182B5E5500833FB0 /* Supporting Files */,
			);
			path = tableViewTests;
			sourceTree = "<group>";
		};
		D3A70262182B5E5500833FB0 /* Supporting Files */ = {
			isa = PBXGroup;
			children = (
				D3A70263182B5E5500833FB0 /* tableViewTests-Info.plist */,
				D3A70264182B5E5500833FB0 /* InfoPlist.strings */,
			);
			name = "Supporting Files";
			sourceTree = "<group>";
		};
/* End PBXGroup section */

/* Begin PBXNativeTarget section */
		D3A70235182B5E5500833FB0 /* tableView */ = {
			isa = PBXNativeTarget;
			buildConfigurationList = D3A7026B182B5E5500833FB0 /* Build configuration list for PBXNativeTarget "tableView" */;
			buildPhases = (
				9DF9101C2D074529B1ACB059 /* Check Pods Manifest.lock */,
				D3A70232182B5E5500833FB0 /* Sources */,
				D3A70233182B5E5500833FB0 /* Frameworks */,
				D3A70234182B5E5500833FB0 /* Resources */,
				921E1C94BE1D4A588CC0BC5A /* Copy Pods Resources */,
			);
			buildRules = (
			);
			dependencies = (
			);
			name = tableView;
			productName = tableView;
			productReference = D3A70236182B5E5500833FB0 /* tableView.app */;
			productType = "com.apple.product-type.application";
		};
		D3A70259182B5E5500833FB0 /* tableViewTests */ = {
			isa = PBXNativeTarget;
			buildConfigurationList = D3A7026E182B5E5500833FB0 /* Build configuration list for PBXNativeTarget "tableViewTests" */;
			buildPhases = (
				D3A70256182B5E5500833FB0 /* Sources */,
				D3A70257182B5E5500833FB0 /* Frameworks */,
				D3A70258182B5E5500833FB0 /* Resources */,
			);
			buildRules = (
			);
			dependencies = (
				D3A70260182B5E5500833FB0 /* PBXTargetDependency */,
			);
			name = tableViewTests;
			productName = tableViewTests;
			productReference = D3A7025A182B5E5500833FB0 /* tableViewTests.xctest */;
			productType = "com.apple.product-type.bundle.unit-test";
		};
/* End PBXNativeTarget section */

/* Begin PBXProject section */
		D3A7022E182B5E5500833FB0 /* Project object */ = {
			isa = PBXProject;
			attributes = {
				CLASSPREFIX = WY;
				LastUpgradeCheck = 0500;
				ORGANIZATIONNAME = wangyang;
				TargetAttributes = {
					D3A70259182B5E5500833FB0 = {
						TestTargetID = D3A70235182B5E5500833FB0;
					};
				};
			};
			buildConfigurationList = D3A70231182B5E5500833FB0 /* Build configuration list for PBXProject "tableView" */;
			compatibilityVersion = "Xcode 3.2";
			developmentRegion = English;
			hasScannedForEncodings = 0;
			knownRegions = (
				en,
				Base,
			);
			mainGroup = D3A7022D182B5E5500833FB0;
			productRefGroup = D3A70237182B5E5500833FB0 /* Products */;
			projectDirPath = "";
			projectRoot = "";
			targets = (
				D3A70235182B5E5500833FB0 /* tableView */,
				D3A70259182B5E5500833FB0 /* tableViewTests */,
			);
		};
/* End PBXProject section */

/* Begin PBXResourcesBuildPhase section */
		D3A70234182B5E5500833FB0 /* Resources */ = {
			isa = PBXResourcesBuildPhase;
			buildActionMask = 2147483647;
			files = (
				D3A70250182B5E5500833FB0 /* Main_iPad.storyboard in Resources */,
				D3A70255182B5E5500833FB0 /* Images.xcassets in Resources */,
				D3F8D434182CADDF007ACBE7 /* image.PNG in Resources */,
				D3A7024D182B5E5500833FB0 /* Main_iPhone.storyboard in Resources */,
				D3A70244182B5E5500833FB0 /* InfoPlist.strings in Resources */,
			);
			runOnlyForDeploymentPostprocessing = 0;
		};
		D3A70258182B5E5500833FB0 /* Resources */ = {
			isa = PBXResourcesBuildPhase;
			buildActionMask = 2147483647;
			files = (
				D3A70266182B5E5500833FB0 /* InfoPlist.strings in Resources */,
			);
			runOnlyForDeploymentPostprocessing = 0;
		};
/* End PBXResourcesBuildPhase section */

/* Begin PBXShellScriptBuildPhase section */
		921E1C94BE1D4A588CC0BC5A /* Copy Pods Resources */ = {
			isa = PBXShellScriptBuildPhase;
			buildActionMask = 2147483647;
			files = (
			);
			inputPaths = (
			);
			name = "Copy Pods Resources";
			outputPaths = (
			);
			runOnlyForDeploymentPostprocessing = 0;
			shellPath = /bin/sh;
			shellScript = "\"${SRCROOT}/Pods/Pods-tableView-resources.sh\"\n";
			showEnvVarsInLog = 0;
		};
		9DF9101C2D074529B1ACB059 /* Check Pods Manifest.lock */ = {
			isa = PBXShellScriptBuildPhase;
			buildActionMask = 2147483647;
			files = (
			);
			inputPaths = (
			);
			name = "Check Pods Manifest.lock";
			outputPaths = (
			);
			runOnlyForDeploymentPostprocessing = 0;
			shellPath = /bin/sh;
			shellScript = "diff \"${PODS_ROOT}/../Podfile.lock\" \"${PODS_ROOT}/Manifest.lock\" > /dev/null\nif [[ $? != 0 ]] ; then\n    cat << EOM\nerror: The sandbox is not in sync with the Podfile.lock. Run 'pod install' or update your CocoaPods installation.\nEOM\n    exit 1\nfi\n";
			showEnvVarsInLog = 0;
		};
/* End PBXShellScriptBuildPhase section */

/* Begin PBXSourcesBuildPhase section */
		D3A70232182B5E5500833FB0 /* Sources */ = {
			isa = PBXSourcesBuildPhase;
			buildActionMask = 2147483647;
			files = (
				D3A7024A182B5E5500833FB0 /* WYAppDelegate.m in Sources */,
				D3A70246182B5E5500833FB0 /* main.m in Sources */,
				D3E52440182E52FC00B605BA /* WYGravityBallFunView.m in Sources */,
				D3A70274182B750C00833FB0 /* NSFileManager+MostUsePath.m in Sources */,
				D3F8D43C182CD1CF007ACBE7 /* WYBallView.m in Sources */,
				D3A70253182B5E5500833FB0 /* WYViewController.m in Sources */,
			);
			runOnlyForDeploymentPostprocessing = 0;
		};
		D3A70256182B5E5500833FB0 /* Sources */ = {
			isa = PBXSourcesBuildPhase;
			buildActionMask = 2147483647;
			files = (
				D3A70268182B5E5500833FB0 /* tableViewTests.m in Sources */,
			);
			runOnlyForDeploymentPostprocessing = 0;
		};
/* End PBXSourcesBuildPhase section */

/* Begin PBXTargetDependency section */
		D3A70260182B5E5500833FB0 /* PBXTargetDependency */ = {
			isa = PBXTargetDependency;
			target = D3A70235182B5E5500833FB0 /* tableView */;
			targetProxy = D3A7025F182B5E5500833FB0 /* PBXContainerItemProxy */;
		};
/* End PBXTargetDependency section */

/* Begin PBXVariantGroup section */
		D3A70242182B5E5500833FB0 /* InfoPlist.strings */ = {
			isa = PBXVariantGroup;
			children = (
				D3A70243182B5E5500833FB0 /* en */,
			);
			name = InfoPlist.strings;
			sourceTree = "<group>";
		};
		D3A7024B182B5E5500833FB0 /* Main_iPhone.storyboard */ = {
			isa = PBXVariantGroup;
			children = (
				D3A7024C182B5E5500833FB0 /* Base */,
			);
			name = Main_iPhone.storyboard;
			sourceTree = "<group>";
		};
		D3A7024E182B5E5500833FB0 /* Main_iPad.storyboard */ = {
			isa = PBXVariantGroup;
			children = (
				D3A7024F182B5E5500833FB0 /* Base */,
			);
			name = Main_iPad.storyboard;
			sourceTree = "<group>";
		};
		D3A70264182B5E5500833FB0 /* InfoPlist.strings */ = {
			isa = PBXVariantGroup;
			children = (
				D3A70265182B5E5500833FB0 /* en */,
			);
			name = InfoPlist.strings;
			sourceTree = "<group>";
		};
/* End PBXVariantGroup section */

/* Begin XCBuildConfiguration section */
		D3A70269182B5E5500833FB0 /* Debug */ = {
			isa = XCBuildConfiguration;
			buildSettings = {
				ALWAYS_SEARCH_USER_PATHS = NO;
				ARCHS = "$(ARCHS_STANDARD_INCLUDING_64_BIT)";
				CLANG_CXX_LANGUAGE_STANDARD = "gnu++0x";
				CLANG_CXX_LIBRARY = "libc++";
				CLANG_ENABLE_MODULES = YES;
				CLANG_ENABLE_OBJC_ARC = YES;
				CLANG_WARN_BOOL_CONVERSION = YES;
				CLANG_WARN_CONSTANT_CONVERSION = YES;
				CLANG_WARN_DIRECT_OBJC_ISA_USAGE = YES_ERROR;
				CLANG_WARN_EMPTY_BODY = YES;
				CLANG_WARN_ENUM_CONVERSION = YES;
				CLANG_WARN_INT_CONVERSION = YES;
				CLANG_WARN_OBJC_ROOT_CLASS = YES_ERROR;
				CLANG_WARN__DUPLICATE_METHOD_MATCH = YES;
				"CODE_SIGN_IDENTITY[sdk=iphoneos*]" = "iPhone Developer";
				COPY_PHASE_STRIP = NO;
				GCC_C_LANGUAGE_STANDARD = gnu99;
				GCC_DYNAMIC_NO_PIC = NO;
				GCC_OPTIMIZATION_LEVEL = 0;
				GCC_PREPROCESSOR_DEFINITIONS = (
					"DEBUG=1",
					"$(inherited)",
				);
				GCC_SYMBOLS_PRIVATE_EXTERN = NO;
				GCC_WARN_64_TO_32_BIT_CONVERSION = YES;
				GCC_WARN_ABOUT_RETURN_TYPE = YES_ERROR;
				GCC_WARN_UNDECLARED_SELECTOR = YES;
				GCC_WARN_UNINITIALIZED_AUTOS = YES;
				GCC_WARN_UNUSED_FUNCTION = YES;
				GCC_WARN_UNUSED_VARIABLE = YES;
				IPHONEOS_DEPLOYMENT_TARGET = 7.0;
				ONLY_ACTIVE_ARCH = YES;
				SDKROOT = iphoneos;
				TARGETED_DEVICE_FAMILY = "1,2";
			};
			name = Debug;
		};
		D3A7026A182B5E5500833FB0 /* Release */ = {
			isa = XCBuildConfiguration;
			buildSettings = {
				ALWAYS_SEARCH_USER_PATHS = NO;
				ARCHS = "$(ARCHS_STANDARD_INCLUDING_64_BIT)";
				CLANG_CXX_LANGUAGE_STANDARD = "gnu++0x";
				CLANG_CXX_LIBRARY = "libc++";
				CLANG_ENABLE_MODULES = YES;
				CLANG_ENABLE_OBJC_ARC = YES;
				CLANG_WARN_BOOL_CONVERSION = YES;
				CLANG_WARN_CONSTANT_CONVERSION = YES;
				CLANG_WARN_DIRECT_OBJC_ISA_USAGE = YES_ERROR;
				CLANG_WARN_EMPTY_BODY = YES;
				CLANG_WARN_ENUM_CONVERSION = YES;
				CLANG_WARN_INT_CONVERSION = YES;
				CLANG_WARN_OBJC_ROOT_CLASS = YES_ERROR;
				CLANG_WARN__DUPLICATE_METHOD_MATCH = YES;
				"CODE_SIGN_IDENTITY[sdk=iphoneos*]" = "iPhone Developer";
				COPY_PHASE_STRIP = YES;
				ENABLE_NS_ASSERTIONS = NO;
				GCC_C_LANGUAGE_STANDARD = gnu99;
				GCC_WARN_64_TO_32_BIT_CONVERSION = YES;
				GCC_WARN_ABOUT_RETURN_TYPE = YES_ERROR;
				GCC_WARN_UNDECLARED_SELECTOR = YES;
				GCC_WARN_UNINITIALIZED_AUTOS = YES;
				GCC_WARN_UNUSED_FUNCTION = YES;
				GCC_WARN_UNUSED_VARIABLE = YES;
				IPHONEOS_DEPLOYMENT_TARGET = 7.0;
				SDKROOT = iphoneos;
				TARGETED_DEVICE_FAMILY = "1,2";
				VALIDATE_PRODUCT = YES;
			};
			name = Release;
		};
		D3A7026C182B5E5500833FB0 /* Debug */ = {
			isa = XCBuildConfiguration;
			baseConfigurationReference = E03065C911F1420DAD1F9BFD /* Pods-tableView.xcconfig */;
			buildSettings = {
				ASSETCATALOG_COMPILER_APPICON_NAME = AppIcon;
				ASSETCATALOG_COMPILER_LAUNCHIMAGE_NAME = LaunchImage;
				GCC_PRECOMPILE_PREFIX_HEADER = YES;
				GCC_PREFIX_HEADER = "tableView/tableView-Prefix.pch";
				INFOPLIST_FILE = "tableView/tableView-Info.plist";
				PRODUCT_NAME = "$(TARGET_NAME)";
				WRAPPER_EXTENSION = app;
			};
			name = Debug;
		};
		D3A7026D182B5E5500833FB0 /* Release */ = {
			isa = XCBuildConfiguration;
			baseConfigurationReference = E03065C911F1420DAD1F9BFD /* Pods-tableView.xcconfig */;
			buildSettings = {
				ASSETCATALOG_COMPILER_APPICON_NAME = AppIcon;
				ASSETCATALOG_COMPILER_LAUNCHIMAGE_NAME = LaunchImage;
				GCC_PRECOMPILE_PREFIX_HEADER = YES;
				GCC_PREFIX_HEADER = "tableView/tableView-Prefix.pch";
				INFOPLIST_FILE = "tableView/tableView-Info.plist";
				PRODUCT_NAME = "$(TARGET_NAME)";
				WRAPPER_EXTENSION = app;
			};
			name = Release;
		};
		D3A7026F182B5E5500833FB0 /* Debug */ = {
			isa = XCBuildConfiguration;
			buildSettings = {
				ARCHS = "$(ARCHS_STANDARD_INCLUDING_64_BIT)";
				BUNDLE_LOADER = "$(BUILT_PRODUCTS_DIR)/tableView.app/tableView";
				FRAMEWORK_SEARCH_PATHS = (
					"$(SDKROOT)/Developer/Library/Frameworks",
					"$(inherited)",
					"$(DEVELOPER_FRAMEWORKS_DIR)",
				);
				GCC_PRECOMPILE_PREFIX_HEADER = YES;
				GCC_PREFIX_HEADER = "tableView/tableView-Prefix.pch";
				GCC_PREPROCESSOR_DEFINITIONS = (
					"DEBUG=1",
					"$(inherited)",
				);
				INFOPLIST_FILE = "tableViewTests/tableViewTests-Info.plist";
				PRODUCT_NAME = "$(TARGET_NAME)";
				TEST_HOST = "$(BUNDLE_LOADER)";
				WRAPPER_EXTENSION = xctest;
			};
			name = Debug;
		};
		D3A70270182B5E5500833FB0 /* Release */ = {
			isa = XCBuildConfiguration;
			buildSettings = {
				ARCHS = "$(ARCHS_STANDARD_INCLUDING_64_BIT)";
				BUNDLE_LOADER = "$(BUILT_PRODUCTS_DIR)/tableView.app/tableView";
				FRAMEWORK_SEARCH_PATHS = (
					"$(SDKROOT)/Developer/Library/Frameworks",
					"$(inherited)",
					"$(DEVELOPER_FRAMEWORKS_DIR)",
				);
				GCC_PRECOMPILE_PREFIX_HEADER = YES;
				GCC_PREFIX_HEADER = "tableView/tableView-Prefix.pch";
				INFOPLIST_FILE = "tableViewTests/tableViewTests-Info.plist";
				PRODUCT_NAME = "$(TARGET_NAME)";
				TEST_HOST = "$(BUNDLE_LOADER)";
				WRAPPER_EXTENSION = xctest;
			};
			name = Release;
		};
/* End XCBuildConfiguration section */

/* Begin XCConfigurationList section */
		D3A70231182B5E5500833FB0 /* Build configuration list for PBXProject "tableView" */ = {
			isa = XCConfigurationList;
			buildConfigurations = (
				D3A70269182B5E5500833FB0 /* Debug */,
				D3A7026A182B5E5500833FB0 /* Release */,
			);
			defaultConfigurationIsVisible = 0;
			defaultConfigurationName = Release;
		};
		D3A7026B182B5E5500833FB0 /* Build configuration list for PBXNativeTarget "tableView" */ = {
			isa = XCConfigurationList;
			buildConfigurations = (
				D3A7026C182B5E5500833FB0 /* Debug */,
				D3A7026D182B5E5500833FB0 /* Release */,
			);
			defaultConfigurationIsVisible = 0;
			defaultConfigurationName = Release;
		};
		D3A7026E182B5E5500833FB0 /* Build configuration list for PBXNativeTarget "tableViewTests" */ = {
			isa = XCConfigurationList;
			buildConfigurations = (
				D3A7026F182B5E5500833FB0 /* Debug */,
				D3A70270182B5E5500833FB0 /* Release */,
			);
			defaultConfigurationIsVisible = 0;
			defaultConfigurationName = Release;
		};
/* End XCConfigurationList section */
	};
	rootObject = D3A7022E182B5E5500833FB0 /* Project object */;
}
